
Microsoft Visual Studio Solution File, Format Version 12.00
# Visual Studio 2012
Project("{FAE04EC0-301F-11D3-BF4B-00C04F79EFBC}") = "InstagramPhotoDownloader", "InstagramPhotoDownloader\InstagramPhotoDownloader.csproj", "{84A4D813-667F-4783-9C1D-763F881B8C4B}"
EndProject
Global
	GlobalSection(SolutionConfigurationPlatforms) = preSolution
		Debug|Any CPU = Debug|Any CPU
		Release|Any CPU = Release|Any CPU
	EndGlobalSection
	GlobalSection(ProjectConfigurationPlatforms) = postSolution
		{84A4D813-667F-4783-9C1D-763F881B8C4B}.Debug|Any CPU.ActiveCfg = Debug|Any CPU
		{84A4D813-667F-4783-9C1D-763F881B8C4B}.Debug|Any CPU.Build.0 = Debug|Any CPU
		{84A4D813-667F-4783-9C1D-763F881B8C4B}.Release|Any CPU.ActiveCfg = Release|Any CPU
		{84A4D813-667F-4783-9C1D-763F881B8C4B}.Release|Any CPU.Build.0 = Release|Any CPU
	EndGlobalSection
	GlobalSection(SolutionProperties) = preSolution
		HideSolutionNode = FALSE
	EndGlobalSection
EndGlobal
